{
  "name": "chemistry-lab-escape",
  "version": "1.0.0",
  "lockfileVersion": 3,
  "requires": true,
  "packages": {
    "": {
      "name": "chemistry-lab-escape",
      "version": "1.0.0",
      "engines": {"node": ">=22.12.0"},
      "dependencies": {"@netlify/blobs": "11.1.3"}
    },
    "node_modules/@netlify/blobs": {
      "version": "11.1.3",
      "resolved": "https://registry.npmjs.org/@netlify/blobs/-/blobs-11.1.3.tgz",
      "license": "MIT",
      "engines": {"node": "^16.0.0 || >=18.0.0"}
    }
  }
}
